// !$*UTF8*$!
{
	archiveVersion = 1;
	classes = {
	};
	objectVersion = 46;
	objects = {

/* Begin PBXBuildFile section */
		2BF959891DD39CAF0076FE63 /* main.m in Sources */ = {isa = PBXBuildFile; fileRef = 2BF959881DD39CAF0076FE63 /* main.m */; };
		2BF9598C1DD39CAF0076FE63 /* AppDelegate.m in Sources */ = {isa = PBXBuildFile; fileRef = 2BF9598B1DD39CAF0076FE63 /* AppDelegate.m */; };
		2BF9598F1DD39CAF0076FE63 /* ViewController.m in Sources */ = {isa = PBXBuildFile; fileRef = 2BF9598E1DD39CAF0076FE63 /* ViewController.m */; };
		2BF959921DD39CAF0076FE63 /* Main.storyboard in Resources */ = {isa = PBXBuildFile; fileRef = 2BF959901DD39CAF0076FE63 /* Main.storyboard */; };
		2BF959941DD39CAF0076FE63 /* Assets.xcassets in Resources */ = {isa = PBXBuildFile; fileRef = 2BF959931DD39CAF0076FE63 /* Assets.xcassets */; };
		2BF959971DD39CAF0076FE63 /* LaunchScreen.storyboard in Resources */ = {isa = PBXBuildFile; fileRef = 2BF959951DD39CAF0076FE63 /* LaunchScreen.storyboard */; };
		2BF959A21DD39CAF0076FE63 /* EnteringAHouseTests.m in Sources */ = {isa = PBXBuildFile; fileRef = 2BF959A11DD39CAF0076FE63 /* EnteringAHouseTests.m */; };
		2BF959AD1DD39CAF0076FE63 /* EnteringAHouseUITests.m in Sources */ = {isa = PBXBuildFile; fileRef = 2BF959AC1DD39CAF0076FE63 /* EnteringAHouseUITests.m */; };
		2BF959E91DD3AC500076FE63 /* back_porch.jpg in Resources */ = {isa = PBXBuildFile; fileRef = 2BF959DA1DD3AC4F0076FE63 /* back_porch.jpg */; };
		2BF959EA1DD3AC500076FE63 /* bathroom.jpg in Resources */ = {isa = PBXBuildFile; fileRef = 2BF959DB1DD3AC4F0076FE63 /* bathroom.jpg */; };
		2BF959EB1DD3AC500076FE63 /* bedroom.jpg in Resources */ = {isa = PBXBuildFile; fileRef = 2BF959DC1DD3AC4F0076FE63 /* bedroom.jpg */; };
		2BF959EC1DD3AC500076FE63 /* coat_room.jpg in Resources */ = {isa = PBXBuildFile; fileRef = 2BF959DD1DD3AC4F0076FE63 /* coat_room.jpg */; };
		2BF959ED1DD3AC500076FE63 /* cursed_chalice.jpg in Resources */ = {isa = PBXBuildFile; fileRef = 2BF959DE1DD3AC4F0076FE63 /* cursed_chalice.jpg */; };
		2BF959EE1DD3AC500076FE63 /* dining_room.jpg in Resources */ = {isa = PBXBuildFile; fileRef = 2BF959DF1DD3AC4F0076FE63 /* dining_room.jpg */; };
		2BF959EF1DD3AC500076FE63 /* dungeon.jpg in Resources */ = {isa = PBXBuildFile; fileRef = 2BF959E01DD3AC4F0076FE63 /* dungeon.jpg */; };
		2BF959F01DD3AC500076FE63 /* front_door.jpg in Resources */ = {isa = PBXBuildFile; fileRef = 2BF959E11DD3AC4F0076FE63 /* front_door.jpg */; };
		2BF959F11DD3AC500076FE63 /* generator.jpg in Resources */ = {isa = PBXBuildFile; fileRef = 2BF959E21DD3AC4F0076FE63 /* generator.jpg */; };
		2BF959F21DD3AC500076FE63 /* kitchen.jpg in Resources */ = {isa = PBXBuildFile; fileRef = 2BF959E31DD3AC4F0076FE63 /* kitchen.jpg */; };
		2BF959F31DD3AC500076FE63 /* labratory.jpg in Resources */ = {isa = PBXBuildFile; fileRef = 2BF959E41DD3AC4F0076FE63 /* labratory.jpg */; };
		2BF959F41DD3AC500076FE63 /* library.jpg in Resources */ = {isa = PBXBuildFile; fileRef = 2BF959E51DD3AC4F0076FE63 /* library.jpg */; };
		2BF959F51DD3AC500076FE63 /* mysterious_lake.jpg in Resources */ = {isa = PBXBuildFile; fileRef = 2BF959E61DD3AC4F0076FE63 /* mysterious_lake.jpg */; };
		2BF959F61DD3AC500076FE63 /* secret_passage.jpg in Resources */ = {isa = PBXBuildFile; fileRef = 2BF959E71DD3AC4F0076FE63 /* secret_passage.jpg */; };
		2BF959F71DD3AC500076FE63 /* stairs_up.jpg in Resources */ = {isa = PBXBuildFile; fileRef = 2BF959E81DD3AC4F0076FE63 /* stairs_up.jpg */; };
/* End PBXBuildFile section */

/* Begin PBXContainerItemProxy section */
		2BF9599E1DD39CAF0076FE63 /* PBXContainerItemProxy */ = {
			isa = PBXContainerItemProxy;
			containerPortal = 2BF9597C1DD39CAF0076FE63 /* Project object */;
			proxyType = 1;
			remoteGlobalIDString = 2BF959831DD39CAF0076FE63;
			remoteInfo = EnteringAHouse;
		};
		2BF959A91DD39CAF0076FE63 /* PBXContainerItemProxy */ = {
			isa = PBXContainerItemProxy;
			containerPortal = 2BF9597C1DD39CAF0076FE63 /* Project object */;
			proxyType = 1;
			remoteGlobalIDString = 2BF959831DD39CAF0076FE63;
			remoteInfo = EnteringAHouse;
		};
/* End PBXContainerItemProxy section */

/* Begin PBXFileReference section */
		2BF959841DD39CAF0076FE63 /* EnteringAHouse.app */ = {isa = PBXFileReference; explicitFileType = wrapper.application; includeInIndex = 0; path = EnteringAHouse.app; sourceTree = BUILT_PRODUCTS_DIR; };
		2BF959881DD39CAF0076FE63 /* main.m */ = {isa = PBXFileReference; lastKnownFileType = sourcecode.c.objc; path = main.m; sourceTree = "<group>"; };
		2BF9598A1DD39CAF0076FE63 /* AppDelegate.h */ = {isa = PBXFileReference; lastKnownFileType = sourcecode.c.h; path = AppDelegate.h; sourceTree = "<group>"; };
		2BF9598B1DD39CAF0076FE63 /* AppDelegate.m */ = {isa = PBXFileReference; lastKnownFileType = sourcecode.c.objc; path = AppDelegate.m; sourceTree = "<group>"; };
		2BF9598D1DD39CAF0076FE63 /* ViewController.h */ = {isa = PBXFileReference; lastKnownFileType = sourcecode.c.h; path = ViewController.h; sourceTree = "<group>"; };
		2BF9598E1DD39CAF0076FE63 /* ViewController.m */ = {isa = PBXFileReference; lastKnownFileType = sourcecode.c.objc; path = ViewController.m; sourceTree = "<group>"; };
		2BF959911DD39CAF0076FE63 /* Base */ = {isa = PBXFileReference; lastKnownFileType = file.storyboard; name = Base; path = Base.lproj/Main.storyboard; sourceTree = "<group>"; };
		2BF959931DD39CAF0076FE63 /* Assets.xcassets */ = {isa = PBXFileReference; lastKnownFileType = folder.assetcatalog; path = Assets.xcassets; sourceTree = "<group>"; };
		2BF959961DD39CAF0076FE63 /* Base */ = {isa = PBXFileReference; lastKnownFileType = file.storyboard; name = Base; path = Base.lproj/LaunchScreen.storyboard; sourceTree = "<group>"; };
		2BF959981DD39CAF0076FE63 /* Info.plist */ = {isa = PBXFileReference; lastKnownFileType = text.plist.xml; path = Info.plist; sourceTree = "<group>"; };
		2BF9599D1DD39CAF0076FE63 /* EnteringAHouseTests.xctest */ = {isa = PBXFileReference; explicitFileType = wrapper.cfbundle; includeInIndex = 0; path = EnteringAHouseTests.xctest; sourceTree = BUILT_PRODUCTS_DIR; };
		2BF959A11DD39CAF0076FE63 /* EnteringAHouseTests.m */ = {isa = PBXFileReference; lastKnownFileType = sourcecode.c.objc; path = EnteringAHouseTests.m; sourceTree = "<group>"; };
		2BF959A31DD39CAF0076FE63 /* Info.plist */ = {isa = PBXFileReference; lastKnownFileType = text.plist.xml; path = Info.plist; sourceTree = "<group>"; };
		2BF959A81DD39CAF0076FE63 /* EnteringAHouseUITests.xctest */ = {isa = PBXFileReference; explicitFileType = wrapper.cfbundle; includeInIndex = 0; path = EnteringAHouseUITests.xctest; sourceTree = BUILT_PRODUCTS_DIR; };
		2BF959AC1DD39CAF0076FE63 /* EnteringAHouseUITests.m */ = {isa = PBXFileReference; lastKnownFileType = sourcecode.c.objc; path = EnteringAHouseUITests.m; sourceTree = "<group>"; };
		2BF959AE1DD39CAF0076FE63 /* Info.plist */ = {isa = PBXFileReference; lastKnownFileType = text.plist.xml; path = Info.plist; sourceTree = "<group>"; };
		2BF959DA1DD3AC4F0076FE63 /* back_porch.jpg */ = {isa = PBXFileReference; lastKnownFileType = image.jpeg; path = back_porch.jpg; sourceTree = "<group>"; };
		2BF959DB1DD3AC4F0076FE63 /* bathroom.jpg */ = {isa = PBXFileReference; lastKnownFileType = image.jpeg; path = bathroom.jpg; sourceTree = "<group>"; };
		2BF959DC1DD3AC4F0076FE63 /* bedroom.jpg */ = {isa = PBXFileReference; lastKnownFileType = image.jpeg; path = bedroom.jpg; sourceTree = "<group>"; };
		2BF959DD1DD3AC4F0076FE63 /* coat_room.jpg */ = {isa = PBXFileReference; lastKnownFileType = image.jpeg; path = coat_room.jpg; sourceTree = "<group>"; };
		2BF959DE1DD3AC4F0076FE63 /* cursed_chalice.jpg */ = {isa = PBXFileReference; lastKnownFileType = image.jpeg; path = cursed_chalice.jpg; sourceTree = "<group>"; };
		2BF959DF1DD3AC4F0076FE63 /* dining_room.jpg */ = {isa = PBXFileReference; lastKnownFileType = image.jpeg; path = dining_room.jpg; sourceTree = "<group>"; };
		2BF959E01DD3AC4F0076FE63 /* dungeon.jpg */ = {isa = PBXFileReference; lastKnownFileType = image.jpeg; path = dungeon.jpg; sourceTree = "<group>"; };
		2BF959E11DD3AC4F0076FE63 /* front_door.jpg */ = {isa = PBXFileReference; lastKnownFileType = image.jpeg; path = front_door.jpg; sourceTree = "<group>"; };
		2BF959E21DD3AC4F0076FE63 /* generator.jpg */ = {isa = PBXFileReference; lastKnownFileType = image.jpeg; path = generator.jpg; sourceTree = "<group>"; };
		2BF959E31DD3AC4F0076FE63 /* kitchen.jpg */ = {isa = PBXFileReference; lastKnownFileType = image.jpeg; path = kitchen.jpg; sourceTree = "<group>"; };
		2BF959E41DD3AC4F0076FE63 /* labratory.jpg */ = {isa = PBXFileReference; lastKnownFileType = image.jpeg; path = labratory.jpg; sourceTree = "<group>"; };
		2BF959E51DD3AC4F0076FE63 /* library.jpg */ = {isa = PBXFileReference; lastKnownFileType = image.jpeg; path = library.jpg; sourceTree = "<group>"; };
		2BF959E61DD3AC4F0076FE63 /* mysterious_lake.jpg */ = {isa = PBXFileReference; lastKnownFileType = image.jpeg; path = mysterious_lake.jpg; sourceTree = "<group>"; };
		2BF959E71DD3AC4F0076FE63 /* secret_passage.jpg */ = {isa = PBXFileReference; lastKnownFileType = image.jpeg; path = secret_passage.jpg; sourceTree = "<group>"; };
		2BF959E81DD3AC4F0076FE63 /* stairs_up.jpg */ = {isa = PBXFileReference; lastKnownFileType = image.jpeg; path = stairs_up.jpg; sourceTree = "<group>"; };
/* End PBXFileReference section */

/* Begin PBXFrameworksBuildPhase section */
		2BF959811DD39CAF0076FE63 /* Frameworks */ = {
			isa = PBXFrameworksBuildPhase;
			buildActionMask = 2147483647;
			files = (
			);
			runOnlyForDeploymentPostprocessing = 0;
		};
		2BF9599A1DD39CAF0076FE63 /* Frameworks */ = {
			isa = PBXFrameworksBuildPhase;
			buildActionMask = 2147483647;
			files = (
			);
			runOnlyForDeploymentPostprocessing = 0;
		};
		2BF959A51DD39CAF0076FE63 /* Frameworks */ = {
			isa = PBXFrameworksBuildPhase;
			buildActionMask = 2147483647;
			files = (
			);
			runOnlyForDeploymentPostprocessing = 0;
		};
/* End PBXFrameworksBuildPhase section */

/* Begin PBXGroup section */
		2BF9597B1DD39CAF0076FE63 = {
			isa = PBXGroup;
			children = (
				2BF959861DD39CAF0076FE63 /* EnteringAHouse */,
				2BF959A01DD39CAF0076FE63 /* EnteringAHouseTests */,
				2BF959AB1DD39CAF0076FE63 /* EnteringAHouseUITests */,
				2BF959851DD39CAF0076FE63 /* Products */,
			);
			sourceTree = "<group>";
		};
		2BF959851DD39CAF0076FE63 /* Products */ = {
			isa = PBXGroup;
			children = (
				2BF959841DD39CAF0076FE63 /* EnteringAHouse.app */,
				2BF9599D1DD39CAF0076FE63 /* EnteringAHouseTests.xctest */,
				2BF959A81DD39CAF0076FE63 /* EnteringAHouseUITests.xctest */,
			);
			name = Products;
			sourceTree = "<group>";
		};
		2BF959861DD39CAF0076FE63 /* EnteringAHouse */ = {
			isa = PBXGroup;
			children = (
				2BF9598A1DD39CAF0076FE63 /* AppDelegate.h */,
				2BF9598B1DD39CAF0076FE63 /* AppDelegate.m */,
				2BF9598D1DD39CAF0076FE63 /* ViewController.h */,
				2BF9598E1DD39CAF0076FE63 /* ViewController.m */,
				2BF959DA1DD3AC4F0076FE63 /* back_porch.jpg */,
				2BF959DB1DD3AC4F0076FE63 /* bathroom.jpg */,
				2BF959DC1DD3AC4F0076FE63 /* bedroom.jpg */,
				2BF959DD1DD3AC4F0076FE63 /* coat_room.jpg */,
				2BF959DE1DD3AC4F0076FE63 /* cursed_chalice.jpg */,
				2BF959DF1DD3AC4F0076FE63 /* dining_room.jpg */,
				2BF959E01DD3AC4F0076FE63 /* dungeon.jpg */,
				2BF959E11DD3AC4F0076FE63 /* front_door.jpg */,
				2BF959E21DD3AC4F0076FE63 /* generator.jpg */,
				2BF959E31DD3AC4F0076FE63 /* kitchen.jpg */,
				2BF959E41DD3AC4F0076FE63 /* labratory.jpg */,
				2BF959E51DD3AC4F0076FE63 /* library.jpg */,
				2BF959E61DD3AC4F0076FE63 /* mysterious_lake.jpg */,
				2BF959E71DD3AC4F0076FE63 /* secret_passage.jpg */,
				2BF959E81DD3AC4F0076FE63 /* stairs_up.jpg */,
				2BF959901DD39CAF0076FE63 /* Main.storyboard */,
				2BF959931DD39CAF0076FE63 /* Assets.xcassets */,
				2BF959951DD39CAF0076FE63 /* LaunchScreen.storyboard */,
				2BF959981DD39CAF0076FE63 /* Info.plist */,
				2BF959871DD39CAF0076FE63 /* Supporting Files */,
			);
			path = EnteringAHouse;
			sourceTree = "<group>";
		};
		2BF959871DD39CAF0076FE63 /* Supporting Files */ = {
			isa = PBXGroup;
			children = (
				2BF959881DD39CAF0076FE63 /* main.m */,
			);
			name = "Supporting Files";
			sourceTree = "<group>";
		};
		2BF959A01DD39CAF0076FE63 /* EnteringAHouseTests */ = {
			isa = PBXGroup;
			children = (
				2BF959A11DD39CAF0076FE63 /* EnteringAHouseTests.m */,
				2BF959A31DD39CAF0076FE63 /* Info.plist */,
			);
			path = EnteringAHouseTests;
			sourceTree = "<group>";
		};
		2BF959AB1DD39CAF0076FE63 /* EnteringAHouseUITests */ = {
			isa = PBXGroup;
			children = (
				2BF959AC1DD39CAF0076FE63 /* EnteringAHouseUITests.m */,
				2BF959AE1DD39CAF0076FE63 /* Info.plist */,
			);
			path = EnteringAHouseUITests;
			sourceTree = "<group>";
		};
/* End PBXGroup section */

/* Begin PBXNativeTarget section */
		2BF959831DD39CAF0076FE63 /* EnteringAHouse */ = {
			isa = PBXNativeTarget;
			buildConfigurationList = 2BF959B11DD39CAF0076FE63 /* Build configuration list for PBXNativeTarget "EnteringAHouse" */;
			buildPhases = (
				2BF959801DD39CAF0076FE63 /* Sources */,
				2BF959811DD39CAF0076FE63 /* Frameworks */,
				2BF959821DD39CAF0076FE63 /* Resources */,
			);
			buildRules = (
			);
			dependencies = (
			);
			name = EnteringAHouse;
			productName = EnteringAHouse;
			productReference = 2BF959841DD39CAF0076FE63 /* EnteringAHouse.app */;
			productType = "com.apple.product-type.application";
		};
		2BF9599C1DD39CAF0076FE63 /* EnteringAHouseTests */ = {
			isa = PBXNativeTarget;
			buildConfigurationList = 2BF959B41DD39CAF0076FE63 /* Build configuration list for PBXNativeTarget "EnteringAHouseTests" */;
			buildPhases = (
				2BF959991DD39CAF0076FE63 /* Sources */,
				2BF9599A1DD39CAF0076FE63 /* Frameworks */,
				2BF9599B1DD39CAF0076FE63 /* Resources */,
			);
			buildRules = (
			);
			dependencies = (
				2BF9599F1DD39CAF0076FE63 /* PBXTargetDependency */,
			);
			name = EnteringAHouseTests;
			productName = EnteringAHouseTests;
			productReference = 2BF9599D1DD39CAF0076FE63 /* EnteringAHouseTests.xctest */;
			productType = "com.apple.product-type.bundle.unit-test";
		};
		2BF959A71DD39CAF0076FE63 /* EnteringAHouseUITests */ = {
			isa = PBXNativeTarget;
			buildConfigurationList = 2BF959B71DD39CAF0076FE63 /* Build configuration list for PBXNativeTarget "EnteringAHouseUITests" */;
			buildPhases = (
				2BF959A41DD39CAF0076FE63 /* Sources */,
				2BF959A51DD39CAF0076FE63 /* Frameworks */,
				2BF959A61DD39CAF0076FE63 /* Resources */,
			);
			buildRules = (
			);
			dependencies = (
				2BF959AA1DD39CAF0076FE63 /* PBXTargetDependency */,
			);
			name = EnteringAHouseUITests;
			productName = EnteringAHouseUITests;
			productReference = 2BF959A81DD39CAF0076FE63 /* EnteringAHouseUITests.xctest */;
			productType = "com.apple.product-type.bundle.ui-testing";
		};
/* End PBXNativeTarget section */

/* Begin PBXProject section */
		2BF9597C1DD39CAF0076FE63 /* Project object */ = {
			isa = PBXProject;
			attributes = {
				LastUpgradeCheck = 0810;
				ORGANIZATIONNAME = "Victor Hong";
				TargetAttributes = {
					2BF959831DD39CAF0076FE63 = {
						CreatedOnToolsVersion = 8.1;
						ProvisioningStyle = Automatic;
					};
					2BF9599C1DD39CAF0076FE63 = {
						CreatedOnToolsVersion = 8.1;
						ProvisioningStyle = Automatic;
						TestTargetID = 2BF959831DD39CAF0076FE63;
					};
					2BF959A71DD39CAF0076FE63 = {
						CreatedOnToolsVersion = 8.1;
						ProvisioningStyle = Automatic;
						TestTargetID = 2BF959831DD39CAF0076FE63;
					};
				};
			};
			buildConfigurationList = 2BF9597F1DD39CAF0076FE63 /* Build configuration list for PBXProject "EnteringAHouse" */;
			compatibilityVersion = "Xcode 3.2";
			developmentRegion = English;
			hasScannedForEncodings = 0;
			knownRegions = (
				en,
				Base,
			);
			mainGroup = 2BF9597B1DD39CAF0076FE63;
			productRefGroup = 2BF959851DD39CAF0076FE63 /* Products */;
			projectDirPath = "";
			projectRoot = "";
			targets = (
				2BF959831DD39CAF0076FE63 /* EnteringAHouse */,
				2BF9599C1DD39CAF0076FE63 /* EnteringAHouseTests */,
				2BF959A71DD39CAF0076FE63 /* EnteringAHouseUITests */,
			);
		};
/* End PBXProject section */

/* Begin PBXResourcesBuildPhase section */
		2BF959821DD39CAF0076FE63 /* Resources */ = {
			isa = PBXResourcesBuildPhase;
			buildActionMask = 2147483647;
			files = (
				2BF959F71DD3AC500076FE63 /* stairs_up.jpg in Resources */,
				2BF959971DD39CAF0076FE63 /* LaunchScreen.storyboard in Resources */,
				2BF959E91DD3AC500076FE63 /* back_porch.jpg in Resources */,
				2BF959F51DD3AC500076FE63 /* mysterious_lake.jpg in Resources */,
				2BF959941DD39CAF0076FE63 /* Assets.xcassets in Resources */,
				2BF959921DD39CAF0076FE63 /* Main.storyboard in Resources */,
				2BF959EE1DD3AC500076FE63 /* dining_room.jpg in Resources */,
				2BF959F21DD3AC500076FE63 /* kitchen.jpg in Resources */,
				2BF959EB1DD3AC500076FE63 /* bedroom.jpg in Resources */,
				2BF959EC1DD3AC500076FE63 /* coat_room.jpg in Resources */,
				2BF959F31DD3AC500076FE63 /* labratory.jpg in Resources */,
				2BF959EA1DD3AC500076FE63 /* bathroom.jpg in Resources */,
				2BF959F41DD3AC500076FE63 /* library.jpg in Resources */,
				2BF959EF1DD3AC500076FE63 /* dungeon.jpg in Resources */,
				2BF959ED1DD3AC500076FE63 /* cursed_chalice.jpg in Resources */,
				2BF959F01DD3AC500076FE63 /* front_door.jpg in Resources */,
				2BF959F61DD3AC500076FE63 /* secret_passage.jpg in Resources */,
				2BF959F11DD3AC500076FE63 /* generator.jpg in Resources */,
			);
			runOnlyForDeploymentPostprocessing = 0;
		};
		2BF9599B1DD39CAF0076FE63 /* Resources */ = {
			isa = PBXResourcesBuildPhase;
			buildActionMask = 2147483647;
			files = (
			);
			runOnlyForDeploymentPostprocessing = 0;
		};
		2BF959A61DD39CAF0076FE63 /* Resources */ = {
			isa = PBXResourcesBuildPhase;
			buildActionMask = 2147483647;
			files = (
			);
			runOnlyForDeploymentPostprocessing = 0;
		};
/* End PBXResourcesBuildPhase section */

/* Begin PBXSourcesBuildPhase section */
		2BF959801DD39CAF0076FE63 /* Sources */ = {
			isa = PBXSourcesBuildPhase;
			buildActionMask = 2147483647;
			files = (
				2BF9598F1DD39CAF0076FE63 /* ViewController.m in Sources */,
				2BF9598C1DD39CAF0076FE63 /* AppDelegate.m in Sources */,
				2BF959891DD39CAF0076FE63 /* main.m in Sources */,
			);
			runOnlyForDeploymentPostprocessing = 0;
		};
		2BF959991DD39CAF0076FE63 /* Sources */ = {
			isa = PBXSourcesBuildPhase;
			buildActionMask = 2147483647;
			files = (
				2BF959A21DD39CAF0076FE63 /* EnteringAHouseTests.m in Sources */,
			);
			runOnlyForDeploymentPostprocessing = 0;
		};
		2BF959A41DD39CAF0076FE63 /* Sources */ = {
			isa = PBXSourcesBuildPhase;
			buildActionMask = 2147483647;
			files = (
				2BF959AD1DD39CAF0076FE63 /* EnteringAHouseUITests.m in Sources */,
			);
			runOnlyForDeploymentPostprocessing = 0;
		};
/* End PBXSourcesBuildPhase section */

/* Begin PBXTargetDependency section */
		2BF9599F1DD39CAF0076FE63 /* PBXTargetDependency */ = {
			isa = PBXTargetDependency;
			target = 2BF959831DD39CAF0076FE63 /* EnteringAHouse */;
			targetProxy = 2BF9599E1DD39CAF0076FE63 /* PBXContainerItemProxy */;
		};
		2BF959AA1DD39CAF0076FE63 /* PBXTargetDependency */ = {
			isa = PBXTargetDependency;
			target = 2BF959831DD39CAF0076FE63 /* EnteringAHouse */;
			targetProxy = 2BF959A91DD39CAF0076FE63 /* PBXContainerItemProxy */;
		};
/* End PBXTargetDependency section */

/* Begin PBXVariantGroup section */
		2BF959901DD39CAF0076FE63 /* Main.storyboard */ = {
			isa = PBXVariantGroup;
			children = (
				2BF959911DD39CAF0076FE63 /* Base */,
			);
			name = Main.storyboard;
			sourceTree = "<group>";
		};
		2BF959951DD39CAF0076FE63 /* LaunchScreen.storyboard */ = {
			isa = PBXVariantGroup;
			children = (
				2BF959961DD39CAF0076FE63 /* Base */,
			);
			name = LaunchScreen.storyboard;
			sourceTree = "<group>";
		};
/* End PBXVariantGroup section */

/* Begin XCBuildConfiguration section */
		2BF959AF1DD39CAF0076FE63 /* Debug */ = {
			isa = XCBuildConfiguration;
			buildSettings = {
				ALWAYS_SEARCH_USER_PATHS = NO;
				CLANG_ANALYZER_NONNULL = YES;
				CLANG_CXX_LANGUAGE_STANDARD = "gnu++0x";
				CLANG_CXX_LIBRARY = "libc++";
				CLANG_ENABLE_MODULES = YES;
				CLANG_ENABLE_OBJC_ARC = YES;
				CLANG_WARN_BOOL_CONVERSION = YES;
				CLANG_WARN_CONSTANT_CONVERSION = YES;
				CLANG_WARN_DIRECT_OBJC_ISA_USAGE = YES_ERROR;
				CLANG_WARN_DOCUMENTATION_COMMENTS = YES;
				CLANG_WARN_EMPTY_BODY = YES;
				CLANG_WARN_ENUM_CONVERSION = YES;
				CLANG_WARN_INFINITE_RECURSION = YES;
				CLANG_WARN_INT_CONVERSION = YES;
				CLANG_WARN_OBJC_ROOT_CLASS = YES_ERROR;
				CLANG_WARN_SUSPICIOUS_MOVES = YES;
				CLANG_WARN_UNREACHABLE_CODE = YES;
				CLANG_WARN__DUPLICATE_METHOD_MATCH = YES;
				"CODE_SIGN_IDENTITY[sdk=iphoneos*]" = "iPhone Developer";
				COPY_PHASE_STRIP = NO;
				DEBUG_INFORMATION_FORMAT = dwarf;
				ENABLE_STRICT_OBJC_MSGSEND = YES;
				ENABLE_TESTABILITY = YES;
				GCC_C_LANGUAGE_STANDARD = gnu99;
				GCC_DYNAMIC_NO_PIC = NO;
				GCC_NO_COMMON_BLOCKS = YES;
				GCC_OPTIMIZATION_LEVEL = 0;
				GCC_PREPROCESSOR_DEFINITIONS = (
					"DEBUG=1",
					"$(inherited)",
				);
				GCC_WARN_64_TO_32_BIT_CONVERSION = YES;
				GCC_WARN_ABOUT_RETURN_TYPE = YES_ERROR;
				GCC_WARN_UNDECLARED_SELECTOR = YES;
				GCC_WARN_UNINITIALIZED_AUTOS = YES_AGGRESSIVE;
				GCC_WARN_UNUSED_FUNCTION = YES;
				GCC_WARN_UNUSED_VARIABLE = YES;
				IPHONEOS_DEPLOYMENT_TARGET = 10.1;
				MTL_ENABLE_DEBUG_INFO = YES;
				ONLY_ACTIVE_ARCH = YES;
				SDKROOT = iphoneos;
				TARGETED_DEVICE_FAMILY = "1,2";
			};
			name = Debug;
		};
		2BF959B01DD39CAF0076FE63 /* Release */ = {
			isa = XCBuildConfiguration;
			buildSettings = {
				ALWAYS_SEARCH_USER_PATHS = NO;
				CLANG_ANALYZER_NONNULL = YES;
				CLANG_CXX_LANGUAGE_STANDARD = "gnu++0x";
				CLANG_CXX_LIBRARY = "libc++";
				CLANG_ENABLE_MODULES = YES;
				CLANG_ENABLE_OBJC_ARC = YES;
				CLANG_WARN_BOOL_CONVERSION = YES;
				CLANG_WARN_CONSTANT_CONVERSION = YES;
				CLANG_WARN_DIRECT_OBJC_ISA_USAGE = YES_ERROR;
				CLANG_WARN_DOCUMENTATION_COMMENTS = YES;
				CLANG_WARN_EMPTY_BODY = YES;
				CLANG_WARN_ENUM_CONVERSION = YES;
				CLANG_WARN_INFINITE_RECURSION = YES;
				CLANG_WARN_INT_CONVERSION = YES;
				CLANG_WARN_OBJC_ROOT_CLASS = YES_ERROR;
				CLANG_WARN_SUSPICIOUS_MOVES = YES;
				CLANG_WARN_UNREACHABLE_CODE = YES;
				CLANG_WARN__DUPLICATE_METHOD_MATCH = YES;
				"CODE_SIGN_IDENTITY[sdk=iphoneos*]" = "iPhone Developer";
				COPY_PHASE_STRIP = NO;
				DEBUG_INFORMATION_FORMAT = "dwarf-with-dsym";
				ENABLE_NS_ASSERTIONS = NO;
				ENABLE_STRICT_OBJC_MSGSEND = YES;
				GCC_C_LANGUAGE_STANDARD = gnu99;
				GCC_NO_COMMON_BLOCKS = YES;
				GCC_WARN_64_TO_32_BIT_CONVERSION = YES;
				GCC_WARN_ABOUT_RETURN_TYPE = YES_ERROR;
				GCC_WARN_UNDECLARED_SELECTOR = YES;
				GCC_WARN_UNINITIALIZED_AUTOS = YES_AGGRESSIVE;
				GCC_WARN_UNUSED_FUNCTION = YES;
				GCC_WARN_UNUSED_VARIABLE = YES;
				IPHONEOS_DEPLOYMENT_TARGET = 10.1;
				MTL_ENABLE_DEBUG_INFO = NO;
				SDKROOT = iphoneos;
				TARGETED_DEVICE_FAMILY = "1,2";
				VALIDATE_PRODUCT = YES;
			};
			name = Release;
		};
		2BF959B21DD39CAF0076FE63 /* Debug */ = {
			isa = XCBuildConfiguration;
			buildSettings = {
				ASSETCATALOG_COMPILER_APPICON_NAME = AppIcon;
				INFOPLIST_FILE = EnteringAHouse/Info.plist;
				LD_RUNPATH_SEARCH_PATHS = "$(inherited) @executable_path/Frameworks";
				PRODUCT_BUNDLE_IDENTIFIER = com.victorhong.EnteringAHouse;
				PRODUCT_NAME = "$(TARGET_NAME)";
			};
			name = Debug;
		};
		2BF959B31DD39CAF0076FE63 /* Release */ = {
			isa = XCBuildConfiguration;
			buildSettings = {
				ASSETCATALOG_COMPILER_APPICON_NAME = AppIcon;
				INFOPLIST_FILE = EnteringAHouse/Info.plist;
				LD_RUNPATH_SEARCH_PATHS = "$(inherited) @executable_path/Frameworks";
				PRODUCT_BUNDLE_IDENTIFIER = com.victorhong.EnteringAHouse;
				PRODUCT_NAME = "$(TARGET_NAME)";
			};
			name = Release;
		};
		2BF959B51DD39CAF0076FE63 /* Debug */ = {
			isa = XCBuildConfiguration;
			buildSettings = {
				BUNDLE_LOADER = "$(TEST_HOST)";
				INFOPLIST_FILE = EnteringAHouseTests/Info.plist;
				LD_RUNPATH_SEARCH_PATHS = "$(inherited) @executable_path/Frameworks @loader_path/Frameworks";
				PRODUCT_BUNDLE_IDENTIFIER = com.victorhong.EnteringAHouseTests;
				PRODUCT_NAME = "$(TARGET_NAME)";
				TEST_HOST = "$(BUILT_PRODUCTS_DIR)/EnteringAHouse.app/EnteringAHouse";
			};
			name = Debug;
		};
		2BF959B61DD39CAF0076FE63 /* Release */ = {
			isa = XCBuildConfiguration;
			buildSettings = {
				BUNDLE_LOADER = "$(TEST_HOST)";
				INFOPLIST_FILE = EnteringAHouseTests/Info.plist;
				LD_RUNPATH_SEARCH_PATHS = "$(inherited) @executable_path/Frameworks @loader_path/Frameworks";
				PRODUCT_BUNDLE_IDENTIFIER = com.victorhong.EnteringAHouseTests;
				PRODUCT_NAME = "$(TARGET_NAME)";
				TEST_HOST = "$(BUILT_PRODUCTS_DIR)/EnteringAHouse.app/EnteringAHouse";
			};
			name = Release;
		};
		2BF959B81DD39CAF0076FE63 /* Debug */ = {
			isa = XCBuildConfiguration;
			buildSettings = {
				INFOPLIST_FILE = EnteringAHouseUITests/Info.plist;
				LD_RUNPATH_SEARCH_PATHS = "$(inherited) @executable_path/Frameworks @loader_path/Frameworks";
				PRODUCT_BUNDLE_IDENTIFIER = com.victorhong.EnteringAHouseUITests;
				PRODUCT_NAME = "$(TARGET_NAME)";
				TEST_TARGET_NAME = EnteringAHouse;
			};
			name = Debug;
		};
		2BF959B91DD39CAF0076FE63 /* Release */ = {
			isa = XCBuildConfiguration;
			buildSettings = {
				INFOPLIST_FILE = EnteringAHouseUITests/Info.plist;
				LD_RUNPATH_SEARCH_PATHS = "$(inherited) @executable_path/Frameworks @loader_path/Frameworks";
				PRODUCT_BUNDLE_IDENTIFIER = com.victorhong.EnteringAHouseUITests;
				PRODUCT_NAME = "$(TARGET_NAME)";
				TEST_TARGET_NAME = EnteringAHouse;
			};
			name = Release;
		};
/* End XCBuildConfiguration section */

/* Begin XCConfigurationList section */
		2BF9597F1DD39CAF0076FE63 /* Build configuration list for PBXProject "EnteringAHouse" */ = {
			isa = XCConfigurationList;
			buildConfigurations = (
				2BF959AF1DD39CAF0076FE63 /* Debug */,
				2BF959B01DD39CAF0076FE63 /* Release */,
			);
			defaultConfigurationIsVisible = 0;
			defaultConfigurationName = Release;
		};
		2BF959B11DD39CAF0076FE63 /* Build configuration list for PBXNativeTarget "EnteringAHouse" */ = {
			isa = XCConfigurationList;
			buildConfigurations = (
				2BF959B21DD39CAF0076FE63 /* Debug */,
				2BF959B31DD39CAF0076FE63 /* Release */,
			);
			defaultConfigurationIsVisible = 0;
		};
		2BF959B41DD39CAF0076FE63 /* Build configuration list for PBXNativeTarget "EnteringAHouseTests" */ = {
			isa = XCConfigurationList;
			buildConfigurations = (
				2BF959B51DD39CAF0076FE63 /* Debug */,
				2BF959B61DD39CAF0076FE63 /* Release */,
			);
			defaultConfigurationIsVisible = 0;
		};
		2BF959B71DD39CAF0076FE63 /* Build configuration list for PBXNativeTarget "EnteringAHouseUITests" */ = {
			isa = XCConfigurationList;
			buildConfigurations = (
				2BF959B81DD39CAF0076FE63 /* Debug */,
				2BF959B91DD39CAF0076FE63 /* Release */,
			);
			defaultConfigurationIsVisible = 0;
		};
/* End XCConfigurationList section */
	};
	rootObject = 2BF9597C1DD39CAF0076FE63 /* Project object */;
}
